// !$*UTF8*$!
{
	archiveVersion = 1;
	classes = {
	};
	objectVersion = 56;
	objects = {

/* Begin PBXBuildFile section */
		CC6708162B69F72100BCB0C3 /* Money_TrackerApp.swift in Sources */ = {isa = PBXBuildFile; fileRef = CC6708152B69F72100BCB0C3 /* Money_TrackerApp.swift */; };
		CC6708182B69F72100BCB0C3 /* ContentView.swift in Sources */ = {isa = PBXBuildFile; fileRef = CC6708172B69F72100BCB0C3 /* ContentView.swift */; };
		CC67081A2B69F72200BCB0C3 /* Assets.xcassets in Resources */ = {isa = PBXBuildFile; fileRef = CC6708192B69F72200BCB0C3 /* Assets.xcassets */; };
		CC67081D2B69F72200BCB0C3 /* Preview Assets.xcassets in Resources */ = {isa = PBXBuildFile; fileRef = CC67081C2B69F72200BCB0C3 /* Preview Assets.xcassets */; };
		CC6708282B69F78800BCB0C3 /* View+Ext.swift in Sources */ = {isa = PBXBuildFile; fileRef = CC6708272B69F78800BCB0C3 /* View+Ext.swift */; };
		CC67082A2B69F9A900BCB0C3 /* Date+Ext.swift in Sources */ = {isa = PBXBuildFile; fileRef = CC6708292B69F9A900BCB0C3 /* Date+Ext.swift */; };
		CC67082C2B69FA7A00BCB0C3 /* Constants.swift in Sources */ = {isa = PBXBuildFile; fileRef = CC67082B2B69FA7A00BCB0C3 /* Constants.swift */; };
		CC67082E2B69FA9F00BCB0C3 /* IntroView.swift in Sources */ = {isa = PBXBuildFile; fileRef = CC67082D2B69FA9F00BCB0C3 /* IntroView.swift */; };
		CC6708302B69FEE400BCB0C3 /* RecentView.swift in Sources */ = {isa = PBXBuildFile; fileRef = CC67082F2B69FEE400BCB0C3 /* RecentView.swift */; };
		CC6708322B69FEEB00BCB0C3 /* SearchView.swift in Sources */ = {isa = PBXBuildFile; fileRef = CC6708312B69FEEB00BCB0C3 /* SearchView.swift */; };
		CC6708342B69FEFB00BCB0C3 /* GraphView.swift in Sources */ = {isa = PBXBuildFile; fileRef = CC6708332B69FEFB00BCB0C3 /* GraphView.swift */; };
		CC6708362B69FF0700BCB0C3 /* SettingView.swift in Sources */ = {isa = PBXBuildFile; fileRef = CC6708352B69FF0700BCB0C3 /* SettingView.swift */; };
		CC6708382B69FF2F00BCB0C3 /* Tab.swift in Sources */ = {isa = PBXBuildFile; fileRef = CC6708372B69FF2F00BCB0C3 /* Tab.swift */; };
		CC67083A2B69FFF200BCB0C3 /* Category.swift in Sources */ = {isa = PBXBuildFile; fileRef = CC6708392B69FFF200BCB0C3 /* Category.swift */; };
		CC67083C2B6A00FA00BCB0C3 /* LockViewModel.swift in Sources */ = {isa = PBXBuildFile; fileRef = CC67083B2B6A00F900BCB0C3 /* LockViewModel.swift */; };
		CC6708402B6A04FB00BCB0C3 /* Transaction.swift in Sources */ = {isa = PBXBuildFile; fileRef = CC67083F2B6A04FB00BCB0C3 /* Transaction.swift */; };
		CC6708422B6A051D00BCB0C3 /* TintColor.swift in Sources */ = {isa = PBXBuildFile; fileRef = CC6708412B6A051D00BCB0C3 /* TintColor.swift */; };
		CC6708442B6A078900BCB0C3 /* CardView.swift in Sources */ = {isa = PBXBuildFile; fileRef = CC6708432B6A078900BCB0C3 /* CardView.swift */; };
		CC6708462B6A284700BCB0C3 /* DateFilterView.swift in Sources */ = {isa = PBXBuildFile; fileRef = CC6708452B6A284700BCB0C3 /* DateFilterView.swift */; };
/* End PBXBuildFile section */

/* Begin PBXFileReference section */
		CC6708122B69F72100BCB0C3 /* Money Tracker.app */ = {isa = PBXFileReference; explicitFileType = wrapper.application; includeInIndex = 0; path = "Money Tracker.app"; sourceTree = BUILT_PRODUCTS_DIR; };
		CC6708152B69F72100BCB0C3 /* Money_TrackerApp.swift */ = {isa = PBXFileReference; lastKnownFileType = sourcecode.swift; path = Money_TrackerApp.swift; sourceTree = "<group>"; };
		CC6708172B69F72100BCB0C3 /* ContentView.swift */ = {isa = PBXFileReference; lastKnownFileType = sourcecode.swift; path = ContentView.swift; sourceTree = "<group>"; };
		CC6708192B69F72200BCB0C3 /* Assets.xcassets */ = {isa = PBXFileReference; lastKnownFileType = folder.assetcatalog; path = Assets.xcassets; sourceTree = "<group>"; };
		CC67081C2B69F72200BCB0C3 /* Preview Assets.xcassets */ = {isa = PBXFileReference; lastKnownFileType = folder.assetcatalog; path = "Preview Assets.xcassets"; sourceTree = "<group>"; };
		CC6708272B69F78800BCB0C3 /* View+Ext.swift */ = {isa = PBXFileReference; lastKnownFileType = sourcecode.swift; path = "View+Ext.swift"; sourceTree = "<group>"; };
		CC6708292B69F9A900BCB0C3 /* Date+Ext.swift */ = {isa = PBXFileReference; lastKnownFileType = sourcecode.swift; path = "Date+Ext.swift"; sourceTree = "<group>"; };
		CC67082B2B69FA7A00BCB0C3 /* Constants.swift */ = {isa = PBXFileReference; lastKnownFileType = sourcecode.swift; path = Constants.swift; sourceTree = "<group>"; };
		CC67082D2B69FA9F00BCB0C3 /* IntroView.swift */ = {isa = PBXFileReference; lastKnownFileType = sourcecode.swift; path = IntroView.swift; sourceTree = "<group>"; };
		CC67082F2B69FEE400BCB0C3 /* RecentView.swift */ = {isa = PBXFileReference; lastKnownFileType = sourcecode.swift; path = RecentView.swift; sourceTree = "<group>"; };
		CC6708312B69FEEB00BCB0C3 /* SearchView.swift */ = {isa = PBXFileReference; lastKnownFileType = sourcecode.swift; path = SearchView.swift; sourceTree = "<group>"; };
		CC6708332B69FEFB00BCB0C3 /* GraphView.swift */ = {isa = PBXFileReference; lastKnownFileType = sourcecode.swift; path = GraphView.swift; sourceTree = "<group>"; };
		CC6708352B69FF0700BCB0C3 /* SettingView.swift */ = {isa = PBXFileReference; lastKnownFileType = sourcecode.swift; path = SettingView.swift; sourceTree = "<group>"; };
		CC6708372B69FF2F00BCB0C3 /* Tab.swift */ = {isa = PBXFileReference; lastKnownFileType = sourcecode.swift; path = Tab.swift; sourceTree = "<group>"; };
		CC6708392B69FFF200BCB0C3 /* Category.swift */ = {isa = PBXFileReference; lastKnownFileType = sourcecode.swift; path = Category.swift; sourceTree = "<group>"; };
		CC67083B2B6A00F900BCB0C3 /* LockViewModel.swift */ = {isa = PBXFileReference; lastKnownFileType = sourcecode.swift; path = LockViewModel.swift; sourceTree = "<group>"; };
		CC67083F2B6A04FB00BCB0C3 /* Transaction.swift */ = {isa = PBXFileReference; lastKnownFileType = sourcecode.swift; path = Transaction.swift; sourceTree = "<group>"; };
		CC6708412B6A051D00BCB0C3 /* TintColor.swift */ = {isa = PBXFileReference; lastKnownFileType = sourcecode.swift; path = TintColor.swift; sourceTree = "<group>"; };
		CC6708432B6A078900BCB0C3 /* CardView.swift */ = {isa = PBXFileReference; lastKnownFileType = sourcecode.swift; path = CardView.swift; sourceTree = "<group>"; };
		CC6708452B6A284700BCB0C3 /* DateFilterView.swift */ = {isa = PBXFileReference; lastKnownFileType = sourcecode.swift; path = DateFilterView.swift; sourceTree = "<group>"; };
/* End PBXFileReference section */

/* Begin PBXFrameworksBuildPhase section */
		CC67080F2B69F72100BCB0C3 /* Frameworks */ = {
			isa = PBXFrameworksBuildPhase;
			buildActionMask = 2147483647;
			files = (
			);
			runOnlyForDeploymentPostprocessing = 0;
		};
/* End PBXFrameworksBuildPhase section */

/* Begin PBXGroup section */
		CC6708092B69F72100BCB0C3 = {
			isa = PBXGroup;
			children = (
				CC6708142B69F72100BCB0C3 /* Money Tracker */,
				CC6708132B69F72100BCB0C3 /* Products */,
			);
			sourceTree = "<group>";
		};
		CC6708132B69F72100BCB0C3 /* Products */ = {
			isa = PBXGroup;
			children = (
				CC6708122B69F72100BCB0C3 /* Money Tracker.app */,
			);
			name = Products;
			sourceTree = "<group>";
		};
		CC6708142B69F72100BCB0C3 /* Money Tracker */ = {
			isa = PBXGroup;
			children = (
				CC6708262B69F77800BCB0C3 /* Extensions */,
				CC6708252B69F75F00BCB0C3 /* Model */,
				CC6708242B69F75000BCB0C3 /* ViewModel */,
				CC6708232B69F74A00BCB0C3 /* View */,
				CC6708152B69F72100BCB0C3 /* Money_TrackerApp.swift */,
				CC6708172B69F72100BCB0C3 /* ContentView.swift */,
				CC6708192B69F72200BCB0C3 /* Assets.xcassets */,
				CC67081B2B69F72200BCB0C3 /* Preview Content */,
			);
			path = "Money Tracker";
			sourceTree = "<group>";
		};
		CC67081B2B69F72200BCB0C3 /* Preview Content */ = {
			isa = PBXGroup;
			children = (
				CC67081C2B69F72200BCB0C3 /* Preview Assets.xcassets */,
			);
			path = "Preview Content";
			sourceTree = "<group>";
		};
		CC6708232B69F74A00BCB0C3 /* View */ = {
			isa = PBXGroup;
			children = (
				CC67083E2B6A045F00BCB0C3 /* Components */,
				CC67083D2B6A045700BCB0C3 /* TabView */,
			);
			path = View;
			sourceTree = "<group>";
		};
		CC6708242B69F75000BCB0C3 /* ViewModel */ = {
			isa = PBXGroup;
			children = (
				CC67083B2B6A00F900BCB0C3 /* LockViewModel.swift */,
			);
			path = ViewModel;
			sourceTree = "<group>";
		};
		CC6708252B69F75F00BCB0C3 /* Model */ = {
			isa = PBXGroup;
			children = (
				CC6708372B69FF2F00BCB0C3 /* Tab.swift */,
				CC6708392B69FFF200BCB0C3 /* Category.swift */,
				CC67083F2B6A04FB00BCB0C3 /* Transaction.swift */,
				CC6708412B6A051D00BCB0C3 /* TintColor.swift */,
			);
			path = Model;
			sourceTree = "<group>";
		};
		CC6708262B69F77800BCB0C3 /* Extensions */ = {
			isa = PBXGroup;
			children = (
				CC6708272B69F78800BCB0C3 /* View+Ext.swift */,
				CC6708292B69F9A900BCB0C3 /* Date+Ext.swift */,
				CC67082B2B69FA7A00BCB0C3 /* Constants.swift */,
			);
			path = Extensions;
			sourceTree = "<group>";
		};
		CC67083D2B6A045700BCB0C3 /* TabView */ = {
			isa = PBXGroup;
			children = (
				CC67082F2B69FEE400BCB0C3 /* RecentView.swift */,
				CC6708312B69FEEB00BCB0C3 /* SearchView.swift */,
				CC6708332B69FEFB00BCB0C3 /* GraphView.swift */,
				CC6708352B69FF0700BCB0C3 /* SettingView.swift */,
			);
			path = TabView;
			sourceTree = "<group>";
		};
		CC67083E2B6A045F00BCB0C3 /* Components */ = {
			isa = PBXGroup;
			children = (
				CC67082D2B69FA9F00BCB0C3 /* IntroView.swift */,
				CC6708432B6A078900BCB0C3 /* CardView.swift */,
				CC6708452B6A284700BCB0C3 /* DateFilterView.swift */,
			);
			path = Components;
			sourceTree = "<group>";
		};
/* End PBXGroup section */

/* Begin PBXNativeTarget section */
		CC6708112B69F72100BCB0C3 /* Money Tracker */ = {
			isa = PBXNativeTarget;
			buildConfigurationList = CC6708202B69F72200BCB0C3 /* Build configuration list for PBXNativeTarget "Money Tracker" */;
			buildPhases = (
				CC67080E2B69F72100BCB0C3 /* Sources */,
				CC67080F2B69F72100BCB0C3 /* Frameworks */,
				CC6708102B69F72100BCB0C3 /* Resources */,
			);
			buildRules = (
			);
			dependencies = (
			);
			name = "Money Tracker";
			productName = "Money Tracker";
			productReference = CC6708122B69F72100BCB0C3 /* Money Tracker.app */;
			productType = "com.apple.product-type.application";
		};
/* End PBXNativeTarget section */

/* Begin PBXProject section */
		CC67080A2B69F72100BCB0C3 /* Project object */ = {
			isa = PBXProject;
			attributes = {
				BuildIndependentTargetsInParallel = 1;
				LastSwiftUpdateCheck = 1520;
				LastUpgradeCheck = 1520;
				TargetAttributes = {
					CC6708112B69F72100BCB0C3 = {
						CreatedOnToolsVersion = 15.2;
					};
				};
			};
			buildConfigurationList = CC67080D2B69F72100BCB0C3 /* Build configuration list for PBXProject "Money Tracker" */;
			compatibilityVersion = "Xcode 14.0";
			developmentRegion = en;
			hasScannedForEncodings = 0;
			knownRegions = (
				en,
				Base,
			);
			mainGroup = CC6708092B69F72100BCB0C3;
			productRefGroup = CC6708132B69F72100BCB0C3 /* Products */;
			projectDirPath = "";
			projectRoot = "";
			targets = (
				CC6708112B69F72100BCB0C3 /* Money Tracker */,
			);
		};
/* End PBXProject section */

/* Begin PBXResourcesBuildPhase section */
		CC6708102B69F72100BCB0C3 /* Resources */ = {
			isa = PBXResourcesBuildPhase;
			buildActionMask = 2147483647;
			files = (
				CC67081D2B69F72200BCB0C3 /* Preview Assets.xcassets in Resources */,
				CC67081A2B69F72200BCB0C3 /* Assets.xcassets in Resources */,
			);
			runOnlyForDeploymentPostprocessing = 0;
		};
/* End PBXResourcesBuildPhase section */

/* Begin PBXSourcesBuildPhase section */
		CC67080E2B69F72100BCB0C3 /* Sources */ = {
			isa = PBXSourcesBuildPhase;
			buildActionMask = 2147483647;
			files = (
				CC6708402B6A04FB00BCB0C3 /* Transaction.swift in Sources */,
				CC67082C2B69FA7A00BCB0C3 /* Constants.swift in Sources */,
				CC6708362B69FF0700BCB0C3 /* SettingView.swift in Sources */,
				CC6708182B69F72100BCB0C3 /* ContentView.swift in Sources */,
				CC6708342B69FEFB00BCB0C3 /* GraphView.swift in Sources */,
				CC6708462B6A284700BCB0C3 /* DateFilterView.swift in Sources */,
				CC6708162B69F72100BCB0C3 /* Money_TrackerApp.swift in Sources */,
				CC6708382B69FF2F00BCB0C3 /* Tab.swift in Sources */,
				CC6708282B69F78800BCB0C3 /* View+Ext.swift in Sources */,
				CC6708322B69FEEB00BCB0C3 /* SearchView.swift in Sources */,
				CC67082A2B69F9A900BCB0C3 /* Date+Ext.swift in Sources */,
				CC6708302B69FEE400BCB0C3 /* RecentView.swift in Sources */,
				CC67082E2B69FA9F00BCB0C3 /* IntroView.swift in Sources */,
				CC67083C2B6A00FA00BCB0C3 /* LockViewModel.swift in Sources */,
				CC6708422B6A051D00BCB0C3 /* TintColor.swift in Sources */,
				CC6708442B6A078900BCB0C3 /* CardView.swift in Sources */,
				CC67083A2B69FFF200BCB0C3 /* Category.swift in Sources */,
			);
			runOnlyForDeploymentPostprocessing = 0;
		};
/* End PBXSourcesBuildPhase section */

/* Begin XCBuildConfiguration section */
		CC67081E2B69F72200BCB0C3 /* Debug */ = {
			isa = XCBuildConfiguration;
			buildSettings = {
				ALWAYS_SEARCH_USER_PATHS = NO;
				ASSETCATALOG_COMPILER_GENERATE_SWIFT_ASSET_SYMBOL_EXTENSIONS = YES;
				CLANG_ANALYZER_NONNULL = YES;
				CLANG_ANALYZER_NUMBER_OBJECT_CONVERSION = YES_AGGRESSIVE;
				CLANG_CXX_LANGUAGE_STANDARD = "gnu++20";
				CLANG_ENABLE_MODULES = YES;
				CLANG_ENABLE_OBJC_ARC = YES;
				CLANG_ENABLE_OBJC_WEAK = YES;
				CLANG_WARN_BLOCK_CAPTURE_AUTORELEASING = YES;
				CLANG_WARN_BOOL_CONVERSION = YES;
				CLANG_WARN_COMMA = YES;
				CLANG_WARN_CONSTANT_CONVERSION = YES;
				CLANG_WARN_DEPRECATED_OBJC_IMPLEMENTATIONS = YES;
				CLANG_WARN_DIRECT_OBJC_ISA_USAGE = YES_ERROR;
				CLANG_WARN_DOCUMENTATION_COMMENTS = YES;
				CLANG_WARN_EMPTY_BODY = YES;
				CLANG_WARN_ENUM_CONVERSION = YES;
				CLANG_WARN_INFINITE_RECURSION = YES;
				CLANG_WARN_INT_CONVERSION = YES;
				CLANG_WARN_NON_LITERAL_NULL_CONVERSION = YES;
				CLANG_WARN_OBJC_IMPLICIT_RETAIN_SELF = YES;
				CLANG_WARN_OBJC_LITERAL_CONVERSION = YES;
				CLANG_WARN_OBJC_ROOT_CLASS = YES_ERROR;
				CLANG_WARN_QUOTED_INCLUDE_IN_FRAMEWORK_HEADER = YES;
				CLANG_WARN_RANGE_LOOP_ANALYSIS = YES;
				CLANG_WARN_STRICT_PROTOTYPES = YES;
				CLANG_WARN_SUSPICIOUS_MOVE = YES;
				CLANG_WARN_UNGUARDED_AVAILABILITY = YES_AGGRESSIVE;
				CLANG_WARN_UNREACHABLE_CODE = YES;
				CLANG_WARN__DUPLICATE_METHOD_MATCH = YES;
				COPY_PHASE_STRIP = NO;
				DEBUG_INFORMATION_FORMAT = dwarf;
				ENABLE_STRICT_OBJC_MSGSEND = YES;
				ENABLE_TESTABILITY = YES;
				ENABLE_USER_SCRIPT_SANDBOXING = YES;
				GCC_C_LANGUAGE_STANDARD = gnu17;
				GCC_DYNAMIC_NO_PIC = NO;
				GCC_NO_COMMON_BLOCKS = YES;
				GCC_OPTIMIZATION_LEVEL = 0;
				GCC_PREPROCESSOR_DEFINITIONS = (
					"DEBUG=1",
					"$(inherited)",
				);
				GCC_WARN_64_TO_32_BIT_CONVERSION = YES;
				GCC_WARN_ABOUT_RETURN_TYPE = YES_ERROR;
				GCC_WARN_UNDECLARED_SELECTOR = YES;
				GCC_WARN_UNINITIALIZED_AUTOS = YES_AGGRESSIVE;
				GCC_WARN_UNUSED_FUNCTION = YES;
				GCC_WARN_UNUSED_VARIABLE = YES;
				IPHONEOS_DEPLOYMENT_TARGET = 17.2;
				LOCALIZATION_PREFERS_STRING_CATALOGS = YES;
				MTL_ENABLE_DEBUG_INFO = INCLUDE_SOURCE;
				MTL_FAST_MATH = YES;
				ONLY_ACTIVE_ARCH = YES;
				SDKROOT = iphoneos;
				SWIFT_ACTIVE_COMPILATION_CONDITIONS = "DEBUG $(inherited)";
				SWIFT_OPTIMIZATION_LEVEL = "-Onone";
			};
			name = Debug;
		};
		CC67081F2B69F72200BCB0C3 /* Release */ = {
			isa = XCBuildConfiguration;
			buildSettings = {
				ALWAYS_SEARCH_USER_PATHS = NO;
				ASSETCATALOG_COMPILER_GENERATE_SWIFT_ASSET_SYMBOL_EXTENSIONS = YES;
				CLANG_ANALYZER_NONNULL = YES;
				CLANG_ANALYZER_NUMBER_OBJECT_CONVERSION = YES_AGGRESSIVE;
				CLANG_CXX_LANGUAGE_STANDARD = "gnu++20";
				CLANG_ENABLE_MODULES = YES;
				CLANG_ENABLE_OBJC_ARC = YES;
				CLANG_ENABLE_OBJC_WEAK = YES;
				CLANG_WARN_BLOCK_CAPTURE_AUTORELEASING = YES;
				CLANG_WARN_BOOL_CONVERSION = YES;
				CLANG_WARN_COMMA = YES;
				CLANG_WARN_CONSTANT_CONVERSION = YES;
				CLANG_WARN_DEPRECATED_OBJC_IMPLEMENTATIONS = YES;
				CLANG_WARN_DIRECT_OBJC_ISA_USAGE = YES_ERROR;
				CLANG_WARN_DOCUMENTATION_COMMENTS = YES;
				CLANG_WARN_EMPTY_BODY = YES;
				CLANG_WARN_ENUM_CONVERSION = YES;
				CLANG_WARN_INFINITE_RECURSION = YES;
				CLANG_WARN_INT_CONVERSION = YES;
				CLANG_WARN_NON_LITERAL_NULL_CONVERSION = YES;
				CLANG_WARN_OBJC_IMPLICIT_RETAIN_SELF = YES;
				CLANG_WARN_OBJC_LITERAL_CONVERSION = YES;
				CLANG_WARN_OBJC_ROOT_CLASS = YES_ERROR;
				CLANG_WARN_QUOTED_INCLUDE_IN_FRAMEWORK_HEADER = YES;
				CLANG_WARN_RANGE_LOOP_ANALYSIS = YES;
				CLANG_WARN_STRICT_PROTOTYPES = YES;
				CLANG_WARN_SUSPICIOUS_MOVE = YES;
				CLANG_WARN_UNGUARDED_AVAILABILITY = YES_AGGRESSIVE;
				CLANG_WARN_UNREACHABLE_CODE = YES;
				CLANG_WARN__DUPLICATE_METHOD_MATCH = YES;
				COPY_PHASE_STRIP = NO;
				DEBUG_INFORMATION_FORMAT = "dwarf-with-dsym";
				ENABLE_NS_ASSERTIONS = NO;
				ENABLE_STRICT_OBJC_MSGSEND = YES;
				ENABLE_USER_SCRIPT_SANDBOXING = YES;
				GCC_C_LANGUAGE_STANDARD = gnu17;
				GCC_NO_COMMON_BLOCKS = YES;
				GCC_WARN_64_TO_32_BIT_CONVERSION = YES;
				GCC_WARN_ABOUT_RETURN_TYPE = YES_ERROR;
				GCC_WARN_UNDECLARED_SELECTOR = YES;
				GCC_WARN_UNINITIALIZED_AUTOS = YES_AGGRESSIVE;
				GCC_WARN_UNUSED_FUNCTION = YES;
				GCC_WARN_UNUSED_VARIABLE = YES;
				IPHONEOS_DEPLOYMENT_TARGET = 17.2;
				LOCALIZATION_PREFERS_STRING_CATALOGS = YES;
				MTL_ENABLE_DEBUG_INFO = NO;
				MTL_FAST_MATH = YES;
				SDKROOT = iphoneos;
				SWIFT_COMPILATION_MODE = wholemodule;
				VALIDATE_PRODUCT = YES;
			};
			name = Release;
		};
		CC6708212B69F72200BCB0C3 /* Debug */ = {
			isa = XCBuildConfiguration;
			buildSettings = {
				ASSETCATALOG_COMPILER_APPICON_NAME = AppIcon;
				ASSETCATALOG_COMPILER_GLOBAL_ACCENT_COLOR_NAME = AccentColor;
				CODE_SIGN_STYLE = Automatic;
				CURRENT_PROJECT_VERSION = 1;
				DEVELOPMENT_ASSET_PATHS = "\"Money Tracker/Preview Content\"";
				DEVELOPMENT_TEAM = BKM5XA3TAJ;
				ENABLE_PREVIEWS = YES;
				GENERATE_INFOPLIST_FILE = YES;
				INFOPLIST_KEY_UIApplicationSceneManifest_Generation = YES;
				INFOPLIST_KEY_UIApplicationSupportsIndirectInputEvents = YES;
				INFOPLIST_KEY_UILaunchScreen_Generation = YES;
				INFOPLIST_KEY_UISupportedInterfaceOrientations_iPad = "UIInterfaceOrientationPortrait UIInterfaceOrientationPortraitUpsideDown UIInterfaceOrientationLandscapeLeft UIInterfaceOrientationLandscapeRight";
				INFOPLIST_KEY_UISupportedInterfaceOrientations_iPhone = "UIInterfaceOrientationPortrait UIInterfaceOrientationLandscapeLeft UIInterfaceOrientationLandscapeRight";
				LD_RUNPATH_SEARCH_PATHS = (
					"$(inherited)",
					"@executable_path/Frameworks",
				);
				MARKETING_VERSION = 1.0;
				PRODUCT_BUNDLE_IDENTIFIER = "co.dandi.Money-Tracker";
				PRODUCT_NAME = "$(TARGET_NAME)";
				SWIFT_EMIT_LOC_STRINGS = YES;
				SWIFT_VERSION = 5.0;
				TARGETED_DEVICE_FAMILY = "1,2";
			};
			name = Debug;
		};
		CC6708222B69F72200BCB0C3 /* Release */ = {
			isa = XCBuildConfiguration;
			buildSettings = {
				ASSETCATALOG_COMPILER_APPICON_NAME = AppIcon;
				ASSETCATALOG_COMPILER_GLOBAL_ACCENT_COLOR_NAME = AccentColor;
				CODE_SIGN_STYLE = Automatic;
				CURRENT_PROJECT_VERSION = 1;
				DEVELOPMENT_ASSET_PATHS = "\"Money Tracker/Preview Content\"";
				DEVELOPMENT_TEAM = BKM5XA3TAJ;
				ENABLE_PREVIEWS = YES;
				GENERATE_INFOPLIST_FILE = YES;
				INFOPLIST_KEY_UIApplicationSceneManifest_Generation = YES;
				INFOPLIST_KEY_UIApplicationSupportsIndirectInputEvents = YES;
				INFOPLIST_KEY_UILaunchScreen_Generation = YES;
				INFOPLIST_KEY_UISupportedInterfaceOrientations_iPad = "UIInterfaceOrientationPortrait UIInterfaceOrientationPortraitUpsideDown UIInterfaceOrientationLandscapeLeft UIInterfaceOrientationLandscapeRight";
				INFOPLIST_KEY_UISupportedInterfaceOrientations_iPhone = "UIInterfaceOrientationPortrait UIInterfaceOrientationLandscapeLeft UIInterfaceOrientationLandscapeRight";
				LD_RUNPATH_SEARCH_PATHS = (
					"$(inherited)",
					"@executable_path/Frameworks",
				);
				MARKETING_VERSION = 1.0;
				PRODUCT_BUNDLE_IDENTIFIER = "co.dandi.Money-Tracker";
				PRODUCT_NAME = "$(TARGET_NAME)";
				SWIFT_EMIT_LOC_STRINGS = YES;
				SWIFT_VERSION = 5.0;
				TARGETED_DEVICE_FAMILY = "1,2";
			};
			name = Release;
		};
/* End XCBuildConfiguration section */

/* Begin XCConfigurationList section */
		CC67080D2B69F72100BCB0C3 /* Build configuration list for PBXProject "Money Tracker" */ = {
			isa = XCConfigurationList;
			buildConfigurations = (
				CC67081E2B69F72200BCB0C3 /* Debug */,
				CC67081F2B69F72200BCB0C3 /* Release */,
			);
			defaultConfigurationIsVisible = 0;
			defaultConfigurationName = Release;
		};
		CC6708202B69F72200BCB0C3 /* Build configuration list for PBXNativeTarget "Money Tracker" */ = {
			isa = XCConfigurationList;
			buildConfigurations = (
				CC6708212B69F72200BCB0C3 /* Debug */,
				CC6708222B69F72200BCB0C3 /* Release */,
			);
			defaultConfigurationIsVisible = 0;
			defaultConfigurationName = Release;
		};
/* End XCConfigurationList section */
	};
	rootObject = CC67080A2B69F72100BCB0C3 /* Project object */;
}
